
Microsoft Visual Studio Solution File, Format Version 12.00
# Visual Studio Version 16
VisualStudioVersion = 25.0.1705.4
MinimumVisualStudioVersion = 10.0.40219.1
Project("{FAE04EC0-301F-11D3-BF4B-00C04F79EFBC}") = "Actividad 1", "Actividad 1\Actividad 1.csproj", "{DCAED2A8-1C4C-4256-BFDA-050DB301B9A3}"
EndProject
Global
	GlobalSection(SolutionConfigurationPlatforms) = preSolution
		Debug|Any CPU = Debug|Any CPU
		Release|Any CPU = Release|Any CPU
	EndGlobalSection
	GlobalSection(ProjectConfigurationPlatforms) = postSolution
		{DCAED2A8-1C4C-4256-BFDA-050DB301B9A3}.Debug|Any CPU.ActiveCfg = Debug|Any CPU
		{DCAED2A8-1C4C-4256-BFDA-050DB301B9A3}.Debug|Any CPU.Build.0 = Debug|Any CPU
		{DCAED2A8-1C4C-4256-BFDA-050DB301B9A3}.Release|Any CPU.ActiveCfg = Release|Any CPU
		{DCAED2A8-1C4C-4256-BFDA-050DB301B9A3}.Release|Any CPU.Build.0 = Release|Any CPU
	EndGlobalSection
	GlobalSection(SolutionProperties) = preSolution
		HideSolutionNode = FALSE
	EndGlobalSection
	GlobalSection(ExtensibilityGlobals) = postSolution
		SolutionGuid = {D1D1E20D-3955-471E-902E-3F1A9AFA5ECA}
	EndGlobalSection
EndGlobal
